
Microsoft Visual Studio Solution File, Format Version 12.00
# Visual Studio Version 17
VisualStudioVersion = 17.4.33403.182
MinimumVisualStudioVersion = 10.0.40219.1
Project("{9A19103F-16F7-4668-BE54-9A1E7A4F7556}") = "TP3", "TP3\TP3.csproj", "{D8A909D2-E375-43E9-B494-7C39891700DC}"
EndProject
Global
	GlobalSection(SolutionConfigurationPlatforms) = preSolution
		Debug|Any CPU = Debug|Any CPU
		Release|Any CPU = Release|Any CPU
	EndGlobalSection
	GlobalSection(ProjectConfigurationPlatforms) = postSolution
		{D8A909D2-E375-43E9-B494-7C39891700DC}.Debug|Any CPU.ActiveCfg = Debug|Any CPU
		{D8A909D2-E375-43E9-B494-7C39891700DC}.Debug|Any CPU.Build.0 = Debug|Any CPU
		{D8A909D2-E375-43E9-B494-7C39891700DC}.Release|Any CPU.ActiveCfg = Release|Any CPU
		{D8A909D2-E375-43E9-B494-7C39891700DC}.Release|Any CPU.Build.0 = Release|Any CPU
	EndGlobalSection
	GlobalSection(SolutionProperties) = preSolution
		HideSolutionNode = FALSE
	EndGlobalSection
	GlobalSection(ExtensibilityGlobals) = postSolution
		SolutionGuid = {5F70EC94-3C20-4C37-B545-900E62324632}
	EndGlobalSection
EndGlobal
